
Microsoft Visual Studio Solution File, Format Version 12.00
# Visual Studio 2012
Project("{FAE04EC0-301F-11D3-BF4B-00C04F79EFBC}") = "Assignment2.Android", "Assignment2.Android\Assignment2.Android.csproj", "{93A35F1E-5974-4A37-A97F-5CA7142DD497}"
EndProject
Project("{FAE04EC0-301F-11D3-BF4B-00C04F79EFBC}") = "Assignment2.iOS", "Assignment2.iOS\Assignment2.iOS.csproj", "{4F3AC403-8063-4D08-B08E-0184844A9D59}"
EndProject
Project("{FAE04EC0-301F-11D3-BF4B-00C04F79EFBC}") = "Assignment2", "Assignment2\Assignment2.csproj", "{5A06A023-A74E-40D5-8688-9962B3CB5780}"
EndProject
Global
	GlobalSection(SolutionConfigurationPlatforms) = preSolution
		Debug|Any CPU = Debug|Any CPU
		Release|Any CPU = Release|Any CPU
		Debug|iPhoneSimulator = Debug|iPhoneSimulator
		Release|iPhoneSimulator = Release|iPhoneSimulator
		Debug|iPhone = Debug|iPhone
		Release|iPhone = Release|iPhone
		Ad-Hoc|iPhone = Ad-Hoc|iPhone
		AppStore|iPhone = AppStore|iPhone
	EndGlobalSection
	GlobalSection(ProjectConfigurationPlatforms) = postSolution
		{93A35F1E-5974-4A37-A97F-5CA7142DD497}.Debug|Any CPU.ActiveCfg = Debug|Any CPU
		{93A35F1E-5974-4A37-A97F-5CA7142DD497}.Debug|Any CPU.Build.0 = Debug|Any CPU
		{93A35F1E-5974-4A37-A97F-5CA7142DD497}.Release|Any CPU.ActiveCfg = Release|Any CPU
		{93A35F1E-5974-4A37-A97F-5CA7142DD497}.Release|Any CPU.Build.0 = Release|Any CPU
		{93A35F1E-5974-4A37-A97F-5CA7142DD497}.Debug|iPhoneSimulator.ActiveCfg = Debug|Any CPU
		{93A35F1E-5974-4A37-A97F-5CA7142DD497}.Debug|iPhoneSimulator.Build.0 = Debug|Any CPU
		{93A35F1E-5974-4A37-A97F-5CA7142DD497}.Release|iPhoneSimulator.ActiveCfg = Release|Any CPU
		{93A35F1E-5974-4A37-A97F-5CA7142DD497}.Release|iPhoneSimulator.Build.0 = Release|Any CPU
		{93A35F1E-5974-4A37-A97F-5CA7142DD497}.Debug|iPhone.ActiveCfg = Debug|Any CPU
		{93A35F1E-5974-4A37-A97F-5CA7142DD497}.Debug|iPhone.Build.0 = Debug|Any CPU
		{93A35F1E-5974-4A37-A97F-5CA7142DD497}.Release|iPhone.ActiveCfg = Release|Any CPU
		{93A35F1E-5974-4A37-A97F-5CA7142DD497}.Release|iPhone.Build.0 = Release|Any CPU
		{93A35F1E-5974-4A37-A97F-5CA7142DD497}.Ad-Hoc|iPhone.ActiveCfg = Debug|Any CPU
		{93A35F1E-5974-4A37-A97F-5CA7142DD497}.Ad-Hoc|iPhone.Build.0 = Debug|Any CPU
		{93A35F1E-5974-4A37-A97F-5CA7142DD497}.AppStore|iPhone.ActiveCfg = Debug|Any CPU
		{93A35F1E-5974-4A37-A97F-5CA7142DD497}.AppStore|iPhone.Build.0 = Debug|Any CPU
		{4F3AC403-8063-4D08-B08E-0184844A9D59}.Debug|Any CPU.ActiveCfg = Debug|iPhoneSimulator
		{4F3AC403-8063-4D08-B08E-0184844A9D59}.Debug|Any CPU.Build.0 = Debug|iPhoneSimulator
		{4F3AC403-8063-4D08-B08E-0184844A9D59}.Release|Any CPU.ActiveCfg = Release|iPhoneSimulator
		{4F3AC403-8063-4D08-B08E-0184844A9D59}.Release|Any CPU.Build.0 = Release|iPhoneSimulator
		{4F3AC403-8063-4D08-B08E-0184844A9D59}.Debug|iPhoneSimulator.ActiveCfg = Debug|iPhoneSimulator
		{4F3AC403-8063-4D08-B08E-0184844A9D59}.Debug|iPhoneSimulator.Build.0 = Debug|iPhoneSimulator
		{4F3AC403-8063-4D08-B08E-0184844A9D59}.Release|iPhoneSimulator.ActiveCfg = Release|iPhoneSimulator
		{4F3AC403-8063-4D08-B08E-0184844A9D59}.Release|iPhoneSimulator.Build.0 = Release|iPhoneSimulator
		{4F3AC403-8063-4D08-B08E-0184844A9D59}.Debug|iPhone.ActiveCfg = Debug|iPhone
		{4F3AC403-8063-4D08-B08E-0184844A9D59}.Debug|iPhone.Build.0 = Debug|iPhone
		{4F3AC403-8063-4D08-B08E-0184844A9D59}.Release|iPhone.ActiveCfg = Release|iPhone
		{4F3AC403-8063-4D08-B08E-0184844A9D59}.Release|iPhone.Build.0 = Release|iPhone
		{4F3AC403-8063-4D08-B08E-0184844A9D59}.Ad-Hoc|iPhone.ActiveCfg = Ad-Hoc|iPhone
		{4F3AC403-8063-4D08-B08E-0184844A9D59}.Ad-Hoc|iPhone.Build.0 = Ad-Hoc|iPhone
		{4F3AC403-8063-4D08-B08E-0184844A9D59}.AppStore|iPhone.ActiveCfg = AppStore|iPhone
		{4F3AC403-8063-4D08-B08E-0184844A9D59}.AppStore|iPhone.Build.0 = AppStore|iPhone
		{5A06A023-A74E-40D5-8688-9962B3CB5780}.Debug|Any CPU.ActiveCfg = Debug|Any CPU
		{5A06A023-A74E-40D5-8688-9962B3CB5780}.Debug|Any CPU.Build.0 = Debug|Any CPU
		{5A06A023-A74E-40D5-8688-9962B3CB5780}.Release|Any CPU.ActiveCfg = Release|Any CPU
		{5A06A023-A74E-40D5-8688-9962B3CB5780}.Release|Any CPU.Build.0 = Release|Any CPU
		{5A06A023-A74E-40D5-8688-9962B3CB5780}.Debug|iPhoneSimulator.ActiveCfg = Debug|Any CPU
		{5A06A023-A74E-40D5-8688-9962B3CB5780}.Debug|iPhoneSimulator.Build.0 = Debug|Any CPU
		{5A06A023-A74E-40D5-8688-9962B3CB5780}.Release|iPhoneSimulator.ActiveCfg = Release|Any CPU
		{5A06A023-A74E-40D5-8688-9962B3CB5780}.Release|iPhoneSimulator.Build.0 = Release|Any CPU
		{5A06A023-A74E-40D5-8688-9962B3CB5780}.Debug|iPhone.ActiveCfg = Debug|Any CPU
		{5A06A023-A74E-40D5-8688-9962B3CB5780}.Debug|iPhone.Build.0 = Debug|Any CPU
		{5A06A023-A74E-40D5-8688-9962B3CB5780}.Release|iPhone.ActiveCfg = Release|Any CPU
		{5A06A023-A74E-40D5-8688-9962B3CB5780}.Release|iPhone.Build.0 = Release|Any CPU
		{5A06A023-A74E-40D5-8688-9962B3CB5780}.Ad-Hoc|iPhone.ActiveCfg = Debug|Any CPU
		{5A06A023-A74E-40D5-8688-9962B3CB5780}.Ad-Hoc|iPhone.Build.0 = Debug|Any CPU
		{5A06A023-A74E-40D5-8688-9962B3CB5780}.AppStore|iPhone.ActiveCfg = Debug|Any CPU
		{5A06A023-A74E-40D5-8688-9962B3CB5780}.AppStore|iPhone.Build.0 = Debug|Any CPU
	EndGlobalSection
EndGlobal
